
Microsoft Visual Studio Solution File, Format Version 12.00
# Visual Studio Version 17
VisualStudioVersion = 17.1.32421.90
MinimumVisualStudioVersion = 10.0.40219.1
Project("{FAE04EC0-301F-11D3-BF4B-00C04F79EFBC}") = "SevenZipLib", "SevenZipLib\SevenZipLib.csproj", "{000EEEF3-707B-473A-BD0B-680A8770AF13}"
EndProject
Global
	GlobalSection(SolutionConfigurationPlatforms) = preSolution
		Debug|Any CPU = Debug|Any CPU
		Release|Any CPU = Release|Any CPU
	EndGlobalSection
	GlobalSection(ProjectConfigurationPlatforms) = postSolution
		{000EEEF3-707B-473A-BD0B-680A8770AF13}.Debug|Any CPU.ActiveCfg = Debug|Any CPU
		{000EEEF3-707B-473A-BD0B-680A8770AF13}.Debug|Any CPU.Build.0 = Debug|Any CPU
		{000EEEF3-707B-473A-BD0B-680A8770AF13}.Release|Any CPU.ActiveCfg = Release|Any CPU
		{000EEEF3-707B-473A-BD0B-680A8770AF13}.Release|Any CPU.Build.0 = Release|Any CPU
	EndGlobalSection
	GlobalSection(SolutionProperties) = preSolution
		HideSolutionNode = FALSE
	EndGlobalSection
	GlobalSection(ExtensibilityGlobals) = postSolution
		SolutionGuid = {8228CD4B-5614-4876-91AD-1F15F0EDA835}
	EndGlobalSection
EndGlobal
